# This file is autogenerated, do not edit; changes may be undone by the next 'dep ensure'.


[[projects]]
  branch = "master"
  name = "github.com/ablyler/nest"
  packages = ["."]
  revision = "0e82b908fb693e44666d2e0c500c3f9dcfaae856"

[[projects]]
  branch = "master"
  name = "github.com/agl/ed25519"
  packages = [".","edwards25519"]
  revision = "5312a61534124124185d41f09206b9fef1d88403"

[[projects]]
  branch = "master"
  name = "github.com/brutella/hc"
  packages = [".","accessory","characteristic","crypto","crypto/chacha20poly1305","crypto/curve25519","crypto/hkdf","db","event","hap","hap/controller","hap/data","hap/endpoint","hap/http","hap/pair","log","service","util"]
  revision = "bd9594dc30a3be2746da1804297ebc561c3a99b0"

[[projects]]
  branch = "master"
  name = "github.com/brutella/log"
  packages = ["."]
  revision = "81cf953084aeee72ddfb41dc16c1d99df4b50d88"

[[projects]]
  branch = "master"
  name = "github.com/gosexy/to"
  packages = ["."]
  revision = "c20e083e31230b84ffa23c5d2fb0bc55f5292681"

[[projects]]
  branch = "master"
  name = "github.com/miekg/dns"
  packages = [".","internal/socket"]
  revision = "aade52d68e0bf400ae55afd3adadffce3b027043"

[[projects]]
  branch = "master"
  name = "github.com/oleksandr/bonjour"
  packages = ["."]
  revision = "5dcf00d8b228be86307f952f550f2191d956b9e2"

[[projects]]
  branch = "master"
  name = "github.com/tadglines/go-pkgs"
  packages = ["crypto/srp"]
  revision = "1f86682992f1a784aa7592b2be0ae80f194b2479"

[[projects]]
  branch = "master"
  name = "golang.org/x/crypto"
  packages = ["chacha20poly1305","chacha20poly1305/internal/chacha20","curve25519","hkdf","poly1305"]
  revision = "76eec36fa14229c4b25bb894c2d0e591527af429"

[[projects]]
  branch = "master"
  name = "golang.org/x/net"
  packages = ["bpf","internal/iana","internal/socket","ipv4","ipv6"]
  revision = "0a9397675ba34b2845f758fe3cd68828369c6517"

[solve-meta]
  analyzer-name = "dep"
  analyzer-version = 1
  inputs-digest = "60fba09cae7629612600ad39ff9df3f7f067d12abe5bb64bcdea7f357f20aa9e"
  solver-name = "gps-cdcl"
  solver-version = 1
